{
    "hash": "84643a6a8198cc23e300b4d819301abf",
    "packages": [
        {
            "name": "guzzle/guzzle",
            "version": "dev-master",
            "source": {
                "type": "git",
                "url": "https://github.com/guzzle/guzzle",
                "reference": "4988475a013cf5468b305f0749128aeab74f1ba7"
            },
            "dist": {
                "type": "zip",
                "url": "https://github.com/guzzle/guzzle/archive/4988475a013cf5468b305f0749128aeab74f1ba7.zip",
                "reference": "4988475a013cf5468b305f0749128aeab74f1ba7",
                "shasum": ""
            },
            "require": {
                "php": ">=5.3.2",
                "ext-curl": "*",
                "symfony/event-dispatcher": ">=2.1"
            },
            "replace": {
                "guzzle/common": "self.version",
                "guzzle/http": "self.version",
                "guzzle/parser": "self.version",
                "guzzle/batch": "self.version",
                "guzzle/cache": "self.version",
                "guzzle/inflection": "self.version",
                "guzzle/iterator": "self.version",
                "guzzle/log": "self.version",
                "guzzle/plugin": "self.version",
                "guzzle/plugin-async": "self.version",
                "guzzle/plugin-backoff": "self.version",
                "guzzle/plugin-cache": "self.version",
                "guzzle/plugin-cookie": "self.version",
                "guzzle/plugin-curlauth": "self.version",
                "guzzle/plugin-history": "self.version",
                "guzzle/plugin-log": "self.version",
                "guzzle/plugin-mock": "self.version",
                "guzzle/plugin-oauth": "self.version",
                "guzzle/service": "self.version",
                "guzzle/stream": "self.version",
                "guzzle/plugin-md5": "self.version"
            },
            "require-dev": {
                "doctrine/common": "*",
                "symfony/class-loader": "*",
                "monolog/monolog": "1.*",
                "zend/zend-log1": "1.12",
                "zend/zend-cache1": "1.12",
                "zendframework/zend-cache": "2.0.*",
                "zendframework/zend-log": "2.0.*",
                "phpunit/phpunit": "3.7.*"
            },
            "suggest": {
                "symfony/class-loader": "*",
                "monolog/monolog": "*",
                "zend/zend-cache": "2.0.0beta3",
                "zend/zend-log": "2.0.0beta3"
            },
            "time": "2012-12-30 17:10:36",
            "type": "library",
            "extra": {
                "branch-alias": {
                    "dev-master": "3.0-dev"
                }
            },
            "installation-source": "source",
            "autoload": {
                "psr-0": {
                    "Guzzle\\Tests": "tests/",
                    "Guzzle": "src/"
                }
            },
            "notification-url": "https://packagist.org/downloads/",
            "license": [
                "MIT"
            ],
            "authors": [
                {
                    "name": "Michael Dowling",
                    "email": "mtdowling@gmail.com",
                    "homepage": "https://github.com/mtdowling"
                },
                {
                    "name": "Guzzle Community",
                    "homepage": "https://github.com/guzzle/guzzle/contributors"
                }
            ],
            "description": "Guzzle is a PHP HTTP client library and framework for building RESTful web service clients",
            "homepage": "http://guzzlephp.org/",
            "keywords": [
                "framework",
                "curl",
                "http",
                "rest",
                "http client",
                "client",
                "web service"
            ]
        },
        {
            "name": "symfony/event-dispatcher",
            "version": "v2.1.6",
            "target-dir": "Symfony/Component/EventDispatcher",
            "source": {
                "type": "git",
                "url": "https://github.com/symfony/EventDispatcher",
                "reference": "v2.1.6"
            },
            "dist": {
                "type": "zip",
                "url": "https://github.com/symfony/EventDispatcher/archive/v2.1.6.zip",
                "reference": "v2.1.6",
                "shasum": ""
            },
            "require": {
                "php": ">=5.3.3"
            },
            "require-dev": {
                "symfony/dependency-injection": "2.1.*"
            },
            "suggest": {
                "symfony/dependency-injection": "2.1.*",
                "symfony/http-kernel": "2.1.*"
            },
            "time": "2012-12-06 10:00:55",
            "type": "library",
            "installation-source": "dist",
            "autoload": {
                "psr-0": {
                    "Symfony\\Component\\EventDispatcher": ""
                }
            },
            "notification-url": "https://packagist.org/downloads/",
            "license": [
                "MIT"
            ],
            "authors": [
                {
                    "name": "Fabien Potencier",
                    "email": "fabien@symfony.com"
                },
                {
                    "name": "Symfony Community",
                    "homepage": "http://symfony.com/contributors"
                }
            ],
            "description": "Symfony EventDispatcher Component",
            "homepage": "http://symfony.com"
        },
        {
            "name": "symfony/http-foundation",
            "version": "dev-master",
            "target-dir": "Symfony/Component/HttpFoundation",
            "source": {
                "type": "git",
                "url": "https://github.com/symfony/HttpFoundation",
                "reference": "65cdb4417e8d74e1a58701fce8c80a276489fcc5"
            },
            "dist": {
                "type": "zip",
                "url": "https://github.com/symfony/HttpFoundation/archive/65cdb4417e8d74e1a58701fce8c80a276489fcc5.zip",
                "reference": "65cdb4417e8d74e1a58701fce8c80a276489fcc5",
                "shasum": ""
            },
            "require": {
                "php": ">=5.3.3"
            },
            "time": "2012-12-29 13:43:44",
            "type": "library",
            "extra": {
                "branch-alias": {
                    "dev-master": "2.2-dev"
                }
            },
            "installation-source": "source",
            "autoload": {
                "psr-0": {
                    "Symfony\\Component\\HttpFoundation\\": ""
                },
                "classmap": [
                    "Symfony/Component/HttpFoundation/Resources/stubs"
                ]
            },
            "notification-url": "https://packagist.org/downloads/",
            "license": [
                "MIT"
            ],
            "authors": [
                {
                    "name": "Fabien Potencier",
                    "email": "fabien@symfony.com"
                },
                {
                    "name": "Symfony Community",
                    "homepage": "http://symfony.com/contributors"
                }
            ],
            "description": "Symfony HttpFoundation Component",
            "homepage": "http://symfony.com"
        }
    ],
    "packages-dev": null,
    "aliases": [

    ],
    "minimum-stability": "stable",
    "stability-flags": {
        "symfony/http-foundation": 20,
        "guzzle/guzzle": 20
    }
}
